
Microsoft Visual Studio Solution File, Format Version 12.00
# Visual Studio Version 16
VisualStudioVersion = 16.0.29326.143
MinimumVisualStudioVersion = 10.0.40219.1
Project("{FAE04EC0-301F-11D3-BF4B-00C04F79EFBC}") = "Bikeshop", "Bikeshop\Bikeshop.csproj", "{77E4E777-48A8-4FBE-BC1E-9A10DA3E2A95}"
EndProject
Global
	GlobalSection(SolutionConfigurationPlatforms) = preSolution
		Debug|Any CPU = Debug|Any CPU
		Release|Any CPU = Release|Any CPU
	EndGlobalSection
	GlobalSection(ProjectConfigurationPlatforms) = postSolution
		{77E4E777-48A8-4FBE-BC1E-9A10DA3E2A95}.Debug|Any CPU.ActiveCfg = Debug|Any CPU
		{77E4E777-48A8-4FBE-BC1E-9A10DA3E2A95}.Debug|Any CPU.Build.0 = Debug|Any CPU
		{77E4E777-48A8-4FBE-BC1E-9A10DA3E2A95}.Release|Any CPU.ActiveCfg = Release|Any CPU
		{77E4E777-48A8-4FBE-BC1E-9A10DA3E2A95}.Release|Any CPU.Build.0 = Release|Any CPU
	EndGlobalSection
	GlobalSection(SolutionProperties) = preSolution
		HideSolutionNode = FALSE
	EndGlobalSection
	GlobalSection(ExtensibilityGlobals) = postSolution
		SolutionGuid = {066BCAB8-C53E-4533-8709-987B85EBE15D}
	EndGlobalSection
EndGlobal
